
Microsoft Visual Studio Solution File, Format Version 12.00
# Visual Studio Version 16
VisualStudioVersion = 16.0.31205.134
MinimumVisualStudioVersion = 10.0.40219.1
Project("{9A19103F-16F7-4668-BE54-9A1E7A4F7556}") = "TomatoKnishes", "TomatoKnishes\TomatoKnishes.csproj", "{592C122A-8925-4F32-BFE7-0EA5848DD6FA}"
EndProject
Project("{9A19103F-16F7-4668-BE54-9A1E7A4F7556}") = "TomatoKnishes.Tests", "TomatoKnishes.Tests\TomatoKnishes.Tests.csproj", "{57A8D416-939B-4C4A-AE6C-8EFD79048290}"
EndProject
Global
	GlobalSection(SolutionConfigurationPlatforms) = preSolution
		Debug|Any CPU = Debug|Any CPU
		Release|Any CPU = Release|Any CPU
	EndGlobalSection
	GlobalSection(ProjectConfigurationPlatforms) = postSolution
		{592C122A-8925-4F32-BFE7-0EA5848DD6FA}.Debug|Any CPU.ActiveCfg = Debug|Any CPU
		{592C122A-8925-4F32-BFE7-0EA5848DD6FA}.Debug|Any CPU.Build.0 = Debug|Any CPU
		{592C122A-8925-4F32-BFE7-0EA5848DD6FA}.Release|Any CPU.ActiveCfg = Release|Any CPU
		{592C122A-8925-4F32-BFE7-0EA5848DD6FA}.Release|Any CPU.Build.0 = Release|Any CPU
		{57A8D416-939B-4C4A-AE6C-8EFD79048290}.Debug|Any CPU.ActiveCfg = Debug|Any CPU
		{57A8D416-939B-4C4A-AE6C-8EFD79048290}.Debug|Any CPU.Build.0 = Debug|Any CPU
		{57A8D416-939B-4C4A-AE6C-8EFD79048290}.Release|Any CPU.ActiveCfg = Release|Any CPU
		{57A8D416-939B-4C4A-AE6C-8EFD79048290}.Release|Any CPU.Build.0 = Release|Any CPU
	EndGlobalSection
	GlobalSection(SolutionProperties) = preSolution
		HideSolutionNode = FALSE
	EndGlobalSection
	GlobalSection(ExtensibilityGlobals) = postSolution
		SolutionGuid = {A81763C5-0377-40A5-83EF-28C392194AEE}
	EndGlobalSection
EndGlobal
